
Microsoft Visual Studio Solution File, Format Version 12.00
# Visual Studio Version 17
VisualStudioVersion = 17.3.32825.248
MinimumVisualStudioVersion = 10.0.40219.1
Project("{9A19103F-16F7-4668-BE54-9A1E7A4F7556}") = "cnums_Frame", "cnums_Frame\cnums_Frame.csproj", "{DD2C029C-F1E2-4A84-9527-70717E55F410}"
EndProject
Global
	GlobalSection(SolutionConfigurationPlatforms) = preSolution
		Debug|Any CPU = Debug|Any CPU
		Release|Any CPU = Release|Any CPU
	EndGlobalSection
	GlobalSection(ProjectConfigurationPlatforms) = postSolution
		{DD2C029C-F1E2-4A84-9527-70717E55F410}.Debug|Any CPU.ActiveCfg = Debug|Any CPU
		{DD2C029C-F1E2-4A84-9527-70717E55F410}.Debug|Any CPU.Build.0 = Debug|Any CPU
		{DD2C029C-F1E2-4A84-9527-70717E55F410}.Release|Any CPU.ActiveCfg = Release|Any CPU
		{DD2C029C-F1E2-4A84-9527-70717E55F410}.Release|Any CPU.Build.0 = Release|Any CPU
	EndGlobalSection
	GlobalSection(SolutionProperties) = preSolution
		HideSolutionNode = FALSE
	EndGlobalSection
	GlobalSection(ExtensibilityGlobals) = postSolution
		SolutionGuid = {9D71849F-01D5-4AE2-83B4-83E6E28DFB3B}
	EndGlobalSection
EndGlobal
